
Microsoft Visual Studio Solution File, Format Version 12.00
# Visual Studio Version 16
VisualStudioVersion = 16.0.31321.278
MinimumVisualStudioVersion = 10.0.40219.1
Project("{9A19103F-16F7-4668-BE54-9A1E7A4F7556}") = "SetYourTone", "SetYourTone.csproj", "{B7DBD6F2-D6EA-4E1A-902D-23C9B317F6A8}"
EndProject
Global
	GlobalSection(SolutionConfigurationPlatforms) = preSolution
		Debug|Any CPU = Debug|Any CPU
		Release|Any CPU = Release|Any CPU
	EndGlobalSection
	GlobalSection(ProjectConfigurationPlatforms) = postSolution
		{B7DBD6F2-D6EA-4E1A-902D-23C9B317F6A8}.Debug|Any CPU.ActiveCfg = Debug|Any CPU
		{B7DBD6F2-D6EA-4E1A-902D-23C9B317F6A8}.Debug|Any CPU.Build.0 = Debug|Any CPU
		{B7DBD6F2-D6EA-4E1A-902D-23C9B317F6A8}.Release|Any CPU.ActiveCfg = Release|Any CPU
		{B7DBD6F2-D6EA-4E1A-902D-23C9B317F6A8}.Release|Any CPU.Build.0 = Release|Any CPU
	EndGlobalSection
	GlobalSection(SolutionProperties) = preSolution
		HideSolutionNode = FALSE
	EndGlobalSection
	GlobalSection(ExtensibilityGlobals) = postSolution
		SolutionGuid = {81E6689C-2050-4613-8D9D-ECCA6354A4E3}
	EndGlobalSection
EndGlobal
